
Microsoft Visual Studio Solution File, Format Version 12.00
# Visual Studio Version 17
VisualStudioVersion = 17.14.36408.4
MinimumVisualStudioVersion = 10.0.40219.1
Project("{FAE04EC0-301F-11D3-BF4B-00C04F79EFBC}") = "10433939_PROG7311_Part2", "10433939_PROG7311_Part2\10433939_PROG7311_Part2.csproj", "{6BA5F4CE-A769-4E97-8516-8F989F11AC88}"
EndProject
Project("{FAE04EC0-301F-11D3-BF4B-00C04F79EFBC}") = "xUnitTest", "xUnitTest\xUnitTest.csproj", "{101CE950-EED6-47A4-BB37-C2578CE560D0}"
EndProject
Global
	GlobalSection(SolutionConfigurationPlatforms) = preSolution
		Debug|Any CPU = Debug|Any CPU
		Release|Any CPU = Release|Any CPU
	EndGlobalSection
	GlobalSection(ProjectConfigurationPlatforms) = postSolution
		{6BA5F4CE-A769-4E97-8516-8F989F11AC88}.Debug|Any CPU.ActiveCfg = Debug|Any CPU
		{6BA5F4CE-A769-4E97-8516-8F989F11AC88}.Debug|Any CPU.Build.0 = Debug|Any CPU
		{6BA5F4CE-A769-4E97-8516-8F989F11AC88}.Release|Any CPU.ActiveCfg = Release|Any CPU
		{6BA5F4CE-A769-4E97-8516-8F989F11AC88}.Release|Any CPU.Build.0 = Release|Any CPU
		{101CE950-EED6-47A4-BB37-C2578CE560D0}.Debug|Any CPU.ActiveCfg = Debug|Any CPU
		{101CE950-EED6-47A4-BB37-C2578CE560D0}.Debug|Any CPU.Build.0 = Debug|Any CPU
		{101CE950-EED6-47A4-BB37-C2578CE560D0}.Release|Any CPU.ActiveCfg = Release|Any CPU
		{101CE950-EED6-47A4-BB37-C2578CE560D0}.Release|Any CPU.Build.0 = Release|Any CPU
	EndGlobalSection
	GlobalSection(SolutionProperties) = preSolution
		HideSolutionNode = FALSE
	EndGlobalSection
	GlobalSection(ExtensibilityGlobals) = postSolution
		SolutionGuid = {8C1FC615-4071-436F-B7BD-0DE6256CACA7}
	EndGlobalSection
EndGlobal
